
Microsoft Visual Studio Solution File, Format Version 12.00
# Visual Studio 2012
Project("{FAE04EC0-301F-11D3-BF4B-00C04F79EFBC}") = "Demax", "Demax\Demax.csproj", "{A5631B0D-23E0-4001-B28A-023A37578735}"
EndProject
Project("{FAE04EC0-301F-11D3-BF4B-00C04F79EFBC}") = "HelloWorld", "Tests\HelloWorld\HelloWorld.csproj", "{C1DDB32D-13D0-48F4-8ABD-1D764D342967}"
EndProject
Global
	GlobalSection(SolutionConfigurationPlatforms) = preSolution
		Debug|Any CPU = Debug|Any CPU
		Release|Any CPU = Release|Any CPU
	EndGlobalSection
	GlobalSection(ProjectConfigurationPlatforms) = postSolution
		{A5631B0D-23E0-4001-B28A-023A37578735}.Debug|Any CPU.ActiveCfg = Debug|Any CPU
		{A5631B0D-23E0-4001-B28A-023A37578735}.Debug|Any CPU.Build.0 = Debug|Any CPU
		{A5631B0D-23E0-4001-B28A-023A37578735}.Release|Any CPU.ActiveCfg = Release|Any CPU
		{A5631B0D-23E0-4001-B28A-023A37578735}.Release|Any CPU.Build.0 = Release|Any CPU
		{C1DDB32D-13D0-48F4-8ABD-1D764D342967}.Debug|Any CPU.ActiveCfg = Debug|Any CPU
		{C1DDB32D-13D0-48F4-8ABD-1D764D342967}.Debug|Any CPU.Build.0 = Debug|Any CPU
		{C1DDB32D-13D0-48F4-8ABD-1D764D342967}.Release|Any CPU.ActiveCfg = Release|Any CPU
		{C1DDB32D-13D0-48F4-8ABD-1D764D342967}.Release|Any CPU.Build.0 = Release|Any CPU
	EndGlobalSection
EndGlobal
